
Microsoft Visual Studio Solution File, Format Version 12.00
# Visual Studio 14
VisualStudioVersion = 14.0.23107.0
MinimumVisualStudioVersion = 10.0.40219.1
Project("{FAE04EC0-301F-11D3-BF4B-00C04F79EFBC}") = "Newland_Card190321", "Newland_Card190321\Newland_Card190321.csproj", "{823670F1-2980-400C-A0A2-C1C91AC39CF5}"
EndProject
Global
	GlobalSection(SolutionConfigurationPlatforms) = preSolution
		Debug|Any CPU = Debug|Any CPU
		Release|Any CPU = Release|Any CPU
	EndGlobalSection
	GlobalSection(ProjectConfigurationPlatforms) = postSolution
		{823670F1-2980-400C-A0A2-C1C91AC39CF5}.Debug|Any CPU.ActiveCfg = Debug|Any CPU
		{823670F1-2980-400C-A0A2-C1C91AC39CF5}.Debug|Any CPU.Build.0 = Debug|Any CPU
		{823670F1-2980-400C-A0A2-C1C91AC39CF5}.Release|Any CPU.ActiveCfg = Release|Any CPU
		{823670F1-2980-400C-A0A2-C1C91AC39CF5}.Release|Any CPU.Build.0 = Release|Any CPU
	EndGlobalSection
	GlobalSection(SolutionProperties) = preSolution
		HideSolutionNode = FALSE
	EndGlobalSection
EndGlobal
